{
  "lockfileVersion": 1,
  "dependencies": {
    "animate.css": {
      "version": "3.6.1",
      "resolved": "https://registry.npmjs.org/animate.css/-/animate.css-3.6.1.tgz",
      "integrity": "sha512-xEIzzKyQvQSIldgrtC2d/qptAEQLVlMb6xQrjQ6HU6NyGhF7LAIivRZVmhSAg4EICRASNiS+A1G+wvAKTCoC7A=="
    },
    "assertion-error": {
      "version": "https://registry.npmjs.org/assertion-error/-/assertion-error-1.1.0.tgz",
      "integrity": "sha1-5gtrDo8wG9l+U3UhW9pAbIURjAs="
    },
    "async": {
      "version": "https://registry.npmjs.org/async/-/async-1.0.0.tgz",
      "integrity": "sha1-+PwEyjoTeErenhZBr5hXjPvWR6k="
    },
    "asynckit": {
      "version": "https://registry.npmjs.org/asynckit/-/asynckit-0.4.0.tgz",
      "integrity": "sha1-x57Zf380y48robyXkLzDZkdLS3k="
    },
    "axios": {
      "version": "https://registry.npmjs.org/axios/-/axios-0.16.2.tgz",
      "integrity": "sha1-uk+S8XFn37q0CYN4VFS5rBScPG0="
    },
    "balanced-match": {
      "version": "https://registry.npmjs.org/balanced-match/-/balanced-match-1.0.0.tgz",
      "integrity": "sha1-ibTRmasr7kneFk6gK4nORi1xt2c="
    },
    "brace-expansion": {
      "version": "https://registry.npmjs.org/brace-expansion/-/brace-expansion-1.1.8.tgz",
      "integrity": "sha1-wHshHHyVLsH479Uad+8NHTmQopI="
    },
    "browser-stdout": {
      "version": "https://registry.npmjs.org/browser-stdout/-/browser-stdout-1.3.0.tgz",
      "integrity": "sha1-81HTKWnTL6XXpVZxVCY9korjvR8="
    },
    "chai": {
      "version": "https://registry.npmjs.org/chai/-/chai-4.1.2.tgz",
      "integrity": "sha1-D2RYS6ZC8PKs4oBiefTwbKI61zw="
    },
    "check-error": {
      "version": "https://registry.npmjs.org/check-error/-/check-error-1.0.2.tgz",
      "integrity": "sha1-V00xLt2Iu13YkS6Sht1sCu1KrII="
    },
    "colors": {
      "version": "https://registry.npmjs.org/colors/-/colors-1.0.3.tgz",
      "integrity": "sha1-BDP0TYCWgP3rYO0mDxsMJi6CpAs="
    },
    "combined-stream": {
      "version": "https://registry.npmjs.org/combined-stream/-/combined-stream-1.0.5.tgz",
      "integrity": "sha1-k4NwpXtKUd6ix3wV1cX9+JUWQAk="
    },
    "commander": {
      "version": "https://registry.npmjs.org/commander/-/commander-2.9.0.tgz",
      "integrity": "sha1-nJkJQXbhIkDLItbFFGCYQA/g99Q="
    },
    "component-emitter": {
      "version": "https://registry.npmjs.org/component-emitter/-/component-emitter-1.2.1.tgz",
      "integrity": "sha1-E3kY1teCg/ffemt8WmPhQOaUJeY="
    },
    "concat-map": {
      "version": "https://registry.npmjs.org/concat-map/-/concat-map-0.0.1.tgz",
      "integrity": "sha1-2Klr13/Wjfd5OnMDajug1UBdR3s="
    },
    "cookiejar": {
      "version": "https://registry.npmjs.org/cookiejar/-/cookiejar-2.1.1.tgz",
      "integrity": "sha1-Qa1XsbVVlR7BcUEqgZQrHoIA00o="
    },
    "core-util-is": {
      "version": "https://registry.npmjs.org/core-util-is/-/core-util-is-1.0.2.tgz",
      "integrity": "sha1-tf1UIgqivFq1eqtxQMlAdUUDwac="
    },
    "cycle": {
      "version": "https://registry.npmjs.org/cycle/-/cycle-1.0.3.tgz",
      "integrity": "sha1-IegLK+hYD5i0aPN5QwZisEbDStI="
    },
    "debug": {
      "version": "https://registry.npmjs.org/debug/-/debug-3.1.0.tgz",
      "integrity": "sha1-W7WgZyYotkFJVmuhaBnmFRjGcmE="
    },
    "deep-eql": {
      "version": "https://registry.npmjs.org/deep-eql/-/deep-eql-3.0.1.tgz",
      "integrity": "sha1-38lARACtHI/gI+faHfHBR8S0RN8="
    },
    "delayed-stream": {
      "version": "https://registry.npmjs.org/delayed-stream/-/delayed-stream-1.0.0.tgz",
      "integrity": "sha1-3zrhmayt+31ECqrgsp4icrJOxhk="
    },
    "desandro-matches-selector": {
      "version": "https://registry.npmjs.org/desandro-matches-selector/-/desandro-matches-selector-2.0.2.tgz",
      "integrity": "sha1-cXvu1NwT59jzdi9wem1YpndCGOE="
    },
    "diff": {
      "version": "https://registry.npmjs.org/diff/-/diff-3.2.0.tgz",
      "integrity": "sha1-yc45Okt8vQsFinJck98pkCeGj/k="
    },
    "escape-string-regexp": {
      "version": "https://registry.npmjs.org/escape-string-regexp/-/escape-string-regexp-1.0.5.tgz",
      "integrity": "sha1-G2HAViGQqN/2rjuyzwIAyhMLhtQ="
    },
    "ev-emitter": {
      "version": "https://registry.npmjs.org/ev-emitter/-/ev-emitter-1.1.1.tgz",
      "integrity": "sha1-jxiwzlx2pdGAF/ccCnlcZbkTjyo="
    },
    "extend": {
      "version": "https://registry.npmjs.org/extend/-/extend-3.0.1.tgz",
      "integrity": "sha1-p1Xqe8Gt/MWjHOfnYtuq3F5jZEQ="
    },
    "eyes": {
      "version": "https://registry.npmjs.org/eyes/-/eyes-0.1.8.tgz",
      "integrity": "sha1-Ys8SAjTGg3hdkCNIqADvPgzCC8A="
    },
    "fizzy-ui-utils": {
      "version": "https://registry.npmjs.org/fizzy-ui-utils/-/fizzy-ui-utils-2.0.7.tgz",
      "integrity": "sha1-ffRdzE6zdKCLZdObuaS+7fczBQU="
    },
    "follow-redirects": {
      "version": "https://registry.npmjs.org/follow-redirects/-/follow-redirects-1.4.0.tgz",
      "integrity": "sha1-oUajpdQCIBx6PmEoZD8OM20hKxA="
    },
    "font-awesome": {
      "version": "https://registry.npmjs.org/font-awesome/-/font-awesome-4.7.0.tgz",
      "integrity": "sha1-j6jPBBGhoxr9B7BtKQK7n8gVoTM="
    },
    "form-data": {
      "version": "https://registry.npmjs.org/form-data/-/form-data-2.3.1.tgz",
      "integrity": "sha1-b7lPvXGIUwbXPRXMSX/kzE7NRL8="
    },
    "formidable": {
      "version": "https://registry.npmjs.org/formidable/-/formidable-1.1.1.tgz",
      "integrity": "sha1-lriIb3w8NQi5Mta9cMTTqI818ak="
    },
    "foundation-sites": {
      "version": "https://registry.npmjs.org/foundation-sites/-/foundation-sites-6.4.3.tgz",
      "integrity": "sha1-6onrWZut9vA91SbFHwC9uUKoRPY="
    },
    "fs.realpath": {
      "version": "https://registry.npmjs.org/fs.realpath/-/fs.realpath-1.0.0.tgz",
      "integrity": "sha1-FQStJSMVjKpA20onh8sBQRmU6k8="
    },
    "get-func-name": {
      "version": "https://registry.npmjs.org/get-func-name/-/get-func-name-2.0.0.tgz",
      "integrity": "sha1-6td0q+5y4gQJQzoGY2YCPdaIekE="
    },
    "get-size": {
      "version": "https://registry.npmjs.org/get-size/-/get-size-2.0.2.tgz",
      "integrity": "sha1-VV6pirhzLgwCHp4j4iGa3L45jpg="
    },
    "glob": {
      "version": "https://registry.npmjs.org/glob/-/glob-7.1.1.tgz",
      "integrity": "sha1-gFIR3wT6rxxjo2ADBs31reULLsg="
    },
    "graceful-readlink": {
      "version": "https://registry.npmjs.org/graceful-readlink/-/graceful-readlink-1.0.1.tgz",
      "integrity": "sha1-TK+tdrxi8C+gObL5Tpo906ORpyU="
    },
    "growl": {
      "version": "https://registry.npmjs.org/growl/-/growl-1.9.2.tgz",
      "integrity": "sha1-Dqd0NxXbjY3ixe3hd14bRayFwC8="
    },
    "hammerjs": {
      "version": "https://registry.npmjs.org/hammerjs/-/hammerjs-2.0.8.tgz",
      "integrity": "sha1-BO93hiz/K7edMPdpIJWTAiK/YPE="
    },
    "has-flag": {
      "version": "https://registry.npmjs.org/has-flag/-/has-flag-1.0.0.tgz",
      "integrity": "sha1-nZ55MWXOAXoA8AQYxD+UKnsdEfo="
    },
    "he": {
      "version": "https://registry.npmjs.org/he/-/he-1.1.1.tgz",
      "integrity": "sha1-k0EP0hsAlzUVH4howvJx80J+I/0="
    },
    "inflight": {
      "version": "https://registry.npmjs.org/inflight/-/inflight-1.0.6.tgz",
      "integrity": "sha1-Sb1jMdfQLQwJvJEKEHW6gWW1bfk="
    },
    "inherits": {
      "version": "https://registry.npmjs.org/inherits/-/inherits-2.0.3.tgz",
      "integrity": "sha1-Yzwsg+PaQqUC9SRmAiSA9CCCYd4="
    },
    "is-buffer": {
      "version": "https://registry.npmjs.org/is-buffer/-/is-buffer-1.1.6.tgz",
      "integrity": "sha1-76ouqdqg16suoTqXsritUf776L4="
    },
    "isarray": {
      "version": "https://registry.npmjs.org/isarray/-/isarray-1.0.0.tgz",
      "integrity": "sha1-u5NdSFgsuhaMBoNJV6VKPgcSTxE="
    },
    "isstream": {
      "version": "https://registry.npmjs.org/isstream/-/isstream-0.1.2.tgz",
      "integrity": "sha1-R+Y/evVa+m+S4VAOaQ64uFKcCZo="
    },
    "jquery": {
      "version": "https://registry.npmjs.org/jquery/-/jquery-3.3.1.tgz",
      "integrity": "sha1-lYzinoHJeQ8xvneS311NlfxX+8o="
    },
    "json3": {
      "version": "https://registry.npmjs.org/json3/-/json3-3.3.2.tgz",
      "integrity": "sha1-PAQ0dD35Pi9cQq7nsZvLSDV19OE="
    },
    "lodash._baseassign": {
      "version": "https://registry.npmjs.org/lodash._baseassign/-/lodash._baseassign-3.2.0.tgz",
      "integrity": "sha1-jDigmVAPIVrQnlnxci/QxSv+Ck4="
    },
    "lodash._basecopy": {
      "version": "https://registry.npmjs.org/lodash._basecopy/-/lodash._basecopy-3.0.1.tgz",
      "integrity": "sha1-jaDmqHbPNEwK2KVIghEd08XHyjY="
    },
    "lodash._basecreate": {
      "version": "https://registry.npmjs.org/lodash._basecreate/-/lodash._basecreate-3.0.3.tgz",
      "integrity": "sha1-G8ZhYU2qf8MRt9A78WgGoCE8+CE="
    },
    "lodash._getnative": {
      "version": "https://registry.npmjs.org/lodash._getnative/-/lodash._getnative-3.9.1.tgz",
      "integrity": "sha1-VwvH3t5G1hzc3mh9ZdPuy6o6r/U="
    },
    "lodash._isiterateecall": {
      "version": "https://registry.npmjs.org/lodash._isiterateecall/-/lodash._isiterateecall-3.0.9.tgz",
      "integrity": "sha1-UgOte6Ql+uhCRg5pbbnPPmqsBXw="
    },
    "lodash.create": {
      "version": "https://registry.npmjs.org/lodash.create/-/lodash.create-3.1.1.tgz",
      "integrity": "sha1-1/KEnw29p+BGgruM1yqwIkYd6+c="
    },
    "lodash.isarguments": {
      "version": "https://registry.npmjs.org/lodash.isarguments/-/lodash.isarguments-3.1.0.tgz",
      "integrity": "sha1-L1c9hcaiQon/AGY7SRwdM4/zRYo="
    },
    "lodash.isarray": {
      "version": "https://registry.npmjs.org/lodash.isarray/-/lodash.isarray-3.0.4.tgz",
      "integrity": "sha1-eeTriMNqgSKvhvhEqpvNhRtfu1U="
    },
    "lodash.keys": {
      "version": "https://registry.npmjs.org/lodash.keys/-/lodash.keys-3.1.2.tgz",
      "integrity": "sha1-TbwEcrFWvlCgsoaFXRvQsMZWCYo="
    },
    "masonry-layout": {
      "version": "https://registry.npmjs.org/masonry-layout/-/masonry-layout-4.2.1.tgz",
      "integrity": "sha1-HIeLhaiIZrprObm9DhYjSK7XzhM="
    },
    "materialize-css": {
      "version": "https://registry.npmjs.org/materialize-css/-/materialize-css-0.100.2.tgz",
      "integrity": "sha1-nKMrJJBMmgRJH8fQoulALnsdrgc="
    },
    "methods": {
      "version": "https://registry.npmjs.org/methods/-/methods-1.1.2.tgz",
      "integrity": "sha1-VSmk1nZUE07cxSZmVoNbD4Ua/O4="
    },
    "mime": {
      "version": "https://registry.npmjs.org/mime/-/mime-1.6.0.tgz",
      "integrity": "sha1-Ms2eXGRVO9WNGaVor0Uqz/BJgbE="
    },
    "mime-db": {
      "version": "https://registry.npmjs.org/mime-db/-/mime-db-1.30.0.tgz",
      "integrity": "sha1-dMZD2i3Z1qRTmZY0ZbJtXKfXHwE="
    },
    "mime-types": {
      "version": "https://registry.npmjs.org/mime-types/-/mime-types-2.1.17.tgz",
      "integrity": "sha1-Cdejk/A+mVp5+K+Fe3Cp4KsWVXo="
    },
    "minimatch": {
      "version": "https://registry.npmjs.org/minimatch/-/minimatch-3.0.4.tgz",
      "integrity": "sha1-UWbihkV/AzBgZL5Ul+jbsMPTIIM="
    },
    "minimist": {
      "version": "https://registry.npmjs.org/minimist/-/minimist-0.0.8.tgz",
      "integrity": "sha1-hX/Kv8M5fSYluCKCYuhqp6ARsF0="
    },
    "mkdirp": {
      "version": "https://registry.npmjs.org/mkdirp/-/mkdirp-0.5.1.tgz",
      "integrity": "sha1-MAV0OOrGz3+MR2fzhkjWaX11yQM="
    },
    "mocha": {
      "version": "https://registry.npmjs.org/mocha/-/mocha-3.5.3.tgz",
      "integrity": "sha1-HgSA/jbS2lhY0etqzDhBiybqog0=",
      "dependencies": {
        "debug": {
          "version": "https://registry.npmjs.org/debug/-/debug-2.6.8.tgz",
          "integrity": "sha1-5zFTHKLt4n0YgiJCfaF4IdaP9Pw="
        }
      }
    },
    "ms": {
      "version": "https://registry.npmjs.org/ms/-/ms-2.0.0.tgz",
      "integrity": "sha1-VgiurfwAvmwpAd9fmGF4jeDVl8g="
    },
    "object-assign": {
      "version": "4.1.1",
      "resolved": "https://registry.npmjs.org/object-assign/-/object-assign-4.1.1.tgz",
      "integrity": "sha1-IQmtx5ZYh8/AXLvUQsrIv7s2CGM="
    },
    "once": {
      "version": "https://registry.npmjs.org/once/-/once-1.4.0.tgz",
      "integrity": "sha1-WDsap3WWHUsROsF9nFC6753Xa9E="
    },
    "outlayer": {
      "version": "https://registry.npmjs.org/outlayer/-/outlayer-2.1.1.tgz",
      "integrity": "sha1-KYY7beEOpdrf/8rfoNcokHOH6aI="
    },
    "parallax-js": {
      "version": "3.1.0",
      "resolved": "https://registry.npmjs.org/parallax-js/-/parallax-js-3.1.0.tgz",
      "integrity": "sha512-UONoPKSQykeNvFcemDPxYYDU/T89LSffoaZAwOMhDp0ABhmFPwthgn2GrfB7An9Qo+8nPZIuQeZsh2pWn1qN3A=="
    },
    "path-is-absolute": {
      "version": "https://registry.npmjs.org/path-is-absolute/-/path-is-absolute-1.0.1.tgz",
      "integrity": "sha1-F0uSaHNVNP+8es5r9TpanhtcX18="
    },
    "pathval": {
      "version": "https://registry.npmjs.org/pathval/-/pathval-1.1.0.tgz",
      "integrity": "sha1-uULm1L3mUwBe9rcTYd74cn0GReA="
    },
    "performance-now": {
      "version": "2.1.0",
      "resolved": "https://registry.npmjs.org/performance-now/-/performance-now-2.1.0.tgz",
      "integrity": "sha1-Ywn04OX6kT7BxpMHrjZLSzd8nns="
    },
    "process-nextick-args": {
      "version": "https://registry.npmjs.org/process-nextick-args/-/process-nextick-args-1.0.7.tgz",
      "integrity": "sha1-FQ4gt1ZZCtP5EJPyWk8q2L/zC6M="
    },
    "qs": {
      "version": "https://registry.npmjs.org/qs/-/qs-6.5.1.tgz",
      "integrity": "sha1-NJzfbu+J7EXBLX1es/wMhwNDptg="
    },
    "raf": {
      "version": "3.4.0",
      "resolved": "https://registry.npmjs.org/raf/-/raf-3.4.0.tgz",
      "integrity": "sha512-pDP/NMRAXoTfrhCfyfSEwJAKLaxBU9eApMeBPB1TkDouZmvPerIClV8lTAd+uF8ZiTaVl69e1FCxQrAd/VTjGw=="
    },
    "readable-stream": {
      "version": "https://registry.npmjs.org/readable-stream/-/readable-stream-2.3.3.tgz",
      "integrity": "sha1-No8lEtefnUb9/HE0mueHi7weuVw="
    },
    "safe-buffer": {
      "version": "https://registry.npmjs.org/safe-buffer/-/safe-buffer-5.1.1.tgz",
      "integrity": "sha1-iTMSr2myEj3vcfV4iQAWce6yyFM="
    },
    "semver": {
      "version": "https://registry.npmjs.org/semver/-/semver-5.5.0.tgz",
      "integrity": "sha1-3Eu8emyp2Rbe5dQ1FvAJK1j3uKs="
    },
    "spinkit": {
      "version": "https://registry.npmjs.org/spinkit/-/spinkit-1.2.5.tgz",
      "integrity": "sha1-kPn0ZqIOjjnvJNqVnB5hHCow3VQ="
    },
    "stack-trace": {
      "version": "https://registry.npmjs.org/stack-trace/-/stack-trace-0.0.10.tgz",
      "integrity": "sha1-VHxws0fo0ytOEI6hoqFZ5f3eGcA="
    },
    "string_decoder": {
      "version": "https://registry.npmjs.org/string_decoder/-/string_decoder-1.0.3.tgz",
      "integrity": "sha1-D8Z9fBQYJd6UKC3VNr7GubzoYKs="
    },
    "superagent": {
      "version": "https://registry.npmjs.org/superagent/-/superagent-3.8.2.tgz",
      "integrity": "sha1-5KEbnQR/fT7+s7vlNtnsACHRZAM="
    },
    "supertest": {
      "version": "https://registry.npmjs.org/supertest/-/supertest-3.0.0.tgz",
      "integrity": "sha1-jUu2j9GDDuBwM7HFpamkAhyWUpY="
    },
    "supports-color": {
      "version": "https://registry.npmjs.org/supports-color/-/supports-color-3.1.2.tgz",
      "integrity": "sha1-cqJiiU2dQIuVbKBf83su2KbiotU="
    },
    "type-detect": {
      "version": "https://registry.npmjs.org/type-detect/-/type-detect-4.0.7.tgz",
      "integrity": "sha1-hivSz2BYrZJ5n/WluM97bOxyYZg="
    },
    "util-deprecate": {
      "version": "https://registry.npmjs.org/util-deprecate/-/util-deprecate-1.0.2.tgz",
      "integrity": "sha1-RQ1Nyfpw3nMnYvvS1KKJgUGaDM8="
    },
    "vue": {
      "version": "https://registry.npmjs.org/vue/-/vue-2.5.13.tgz",
      "integrity": "sha1-lb0x4g7896fzkjnJqmeHzoz1eOE="
    },
    "vue-parallax-js": {
      "version": "https://registry.npmjs.org/vue-parallax-js/-/vue-parallax-js-0.0.7.tgz",
      "integrity": "sha1-PfyfPZ6mDqH+RBh7c+bdndPDcMI="
    },
    "vue-router": {
      "version": "3.0.1",
      "resolved": "https://registry.npmjs.org/vue-router/-/vue-router-3.0.1.tgz",
      "integrity": "sha512-vLLoY452L+JBpALMP5UHum9+7nzR9PeIBCghU9ZtJ1eWm6ieUI8Zb/DI3MYxH32bxkjzYV1LRjNv4qr8d+uX/w=="
    },
    "vue.js": {
      "version": "https://registry.npmjs.org/vue.js/-/vue.js-0.3.2.tgz",
      "integrity": "sha1-Go9g+5B7PA6Z4vNCdYmrmAvNABU=",
      "dependencies": {
        "vue-router": {
          "version": "https://registry.npmjs.org/vue-router/-/vue-router-2.8.1.tgz",
          "integrity": "sha1-mDPJ7lesg76wJpBW/v7nFxPyBpU="
        }
      }
    },
    "vuex": {
      "version": "https://registry.npmjs.org/vuex/-/vuex-2.5.0.tgz",
      "integrity": "sha1-IPAmWt5smlrGckpAXT/9tHJsl0E="
    },
    "what-input": {
      "version": "https://registry.npmjs.org/what-input/-/what-input-4.3.1.tgz",
      "integrity": "sha1-uOp1VLodkXGIfExq3fKBhf7D0x0="
    },
    "winston": {
      "version": "https://registry.npmjs.org/winston/-/winston-2.4.0.tgz",
      "integrity": "sha1-gIBQuT1SZh7Z+2wms/DIJnCLCu4="
    },
    "wrappy": {
      "version": "https://registry.npmjs.org/wrappy/-/wrappy-1.0.2.tgz",
      "integrity": "sha1-tSQ9jz7BqjXxNkYFvA0QNuMKtp8="
    }
  }
}
